<?xml version="1.0" encoding="utf-8"?>
<Project ToolsVersion="4.0" xmlns="http://schemas.microsoft.com/developer/msbuild/2003">
  <ItemGroup>
    <Filter Include="Source Files">
      <UniqueIdentifier>{0a0cb932-a33d-4c33-a2d0-b95bfadcc75e}</UniqueIdentifier>
      <Extensions>cpp;c;cxx;rc;def;r;odl;hpj;bat;for;f90</Extensions>
    </Filter>
    <Filter Include="Header Files">
      <UniqueIdentifier>{618bf43e-1b11-4450-8f1f-a5f63f73d603}</UniqueIdentifier>
      <Extensions>h;hpp;hxx;hm;inl;fi;fd</Extensions>
    </Filter>
    <Filter Include="Resource Files">
      <UniqueIdentifier>{a3063ed0-9325-4a25-83a5-dbebf77d0e4e}</UniqueIdentifier>
      <Extensions>ico;cur;bmp;dlg;rc2;rct;bin;cnt;rtf;gif;jpg;jpeg;jpe</Extensions>
    </Filter>
    <Filter Include="Libraries">
      <UniqueIdentifier>{64d79d1d-0aae-453a-83b2-ab5f694b434d}</UniqueIdentifier>
    </Filter>
  </ItemGroup>
  <ItemGroup>
    <ClCompile Include="win32\cd_win.c">
      <Filter>Source Files</Filter>
    </ClCompile>
    <ClCompile Include="client\cl_cin.c">
      <Filter>Source Files</Filter>
    </ClCompile>
    <ClCompile Include="client\cl_ents.c">
      <Filter>Source Files</Filter>
    </ClCompile>
    <ClCompile Include="client\cl_fx.c">
      <Filter>Source Files</Filter>
    </ClCompile>
    <ClCompile Include="client\cl_input.c">
      <Filter>Source Files</Filter>
    </ClCompile>
    <ClCompile Include="client\cl_inv.c">
      <Filter>Source Files</Filter>
    </ClCompile>
    <ClCompile Include="client\cl_main.c">
      <Filter>Source Files</Filter>
    </ClCompile>
    <ClCompile Include="client\cl_newfx.c">
      <Filter>Source Files</Filter>
    </ClCompile>
    <ClCompile Include="client\cl_parse.c">
      <Filter>Source Files</Filter>
    </ClCompile>
    <ClCompile Include="client\cl_pred.c">
      <Filter>Source Files</Filter>
    </ClCompile>
    <ClCompile Include="client\cl_scrn.c">
      <Filter>Source Files</Filter>
    </ClCompile>
    <ClCompile Include="client\cl_tent.c">
      <Filter>Source Files</Filter>
    </ClCompile>
    <ClCompile Include="client\cl_view.c">
      <Filter>Source Files</Filter>
    </ClCompile>
    <ClCompile Include="qcommon\cmd.c">
      <Filter>Source Files</Filter>
    </ClCompile>
    <ClCompile Include="qcommon\cmodel.c">
      <Filter>Source Files</Filter>
    </ClCompile>
    <ClCompile Include="qcommon\common.c">
      <Filter>Source Files</Filter>
    </ClCompile>
    <ClCompile Include="win32\conproc.c">
      <Filter>Source Files</Filter>
    </ClCompile>
    <ClCompile Include="client\console.c">
      <Filter>Source Files</Filter>
    </ClCompile>
    <ClCompile Include="qcommon\crc.c">
      <Filter>Source Files</Filter>
    </ClCompile>
    <ClCompile Include="qcommon\cvar.c">
      <Filter>Source Files</Filter>
    </ClCompile>
    <ClCompile Include="qcommon\files.c">
      <Filter>Source Files</Filter>
    </ClCompile>
    <ClCompile Include="win32\in_win.c">
      <Filter>Source Files</Filter>
    </ClCompile>
    <ClCompile Include="client\keys.c">
      <Filter>Source Files</Filter>
    </ClCompile>
    <ClCompile Include="game\m_flash.c">
      <Filter>Source Files</Filter>
    </ClCompile>
    <ClCompile Include="qcommon\md4.c">
      <Filter>Source Files</Filter>
    </ClCompile>
    <ClCompile Include="client\menu.c">
      <Filter>Source Files</Filter>
    </ClCompile>
    <ClCompile Include="qcommon\net_chan.c">
      <Filter>Source Files</Filter>
    </ClCompile>
    <ClCompile Include="win32\net_wins.c">
      <Filter>Source Files</Filter>
    </ClCompile>
    <ClCompile Include="qcommon\pmove.c">
      <Filter>Source Files</Filter>
    </ClCompile>
    <ClCompile Include="game\q_shared.c">
      <Filter>Source Files</Filter>
    </ClCompile>
    <ClCompile Include="win32\q_shwin.c">
      <Filter>Source Files</Filter>
    </ClCompile>
    <ClCompile Include="client\qmenu.c">
      <Filter>Source Files</Filter>
    </ClCompile>
    <ClCompile Include="client\snd_dma.c">
      <Filter>Source Files</Filter>
    </ClCompile>
    <ClCompile Include="client\snd_mem.c">
      <Filter>Source Files</Filter>
    </ClCompile>
    <ClCompile Include="client\snd_mix.c">
      <Filter>Source Files</Filter>
    </ClCompile>
    <ClCompile Include="win32\snd_win.c">
      <Filter>Source Files</Filter>
    </ClCompile>
    <ClCompile Include="server\sv_ccmds.c">
      <Filter>Source Files</Filter>
    </ClCompile>
    <ClCompile Include="server\sv_ents.c">
      <Filter>Source Files</Filter>
    </ClCompile>
    <ClCompile Include="server\sv_game.c">
      <Filter>Source Files</Filter>
    </ClCompile>
    <ClCompile Include="server\sv_init.c">
      <Filter>Source Files</Filter>
    </ClCompile>
    <ClCompile Include="server\sv_main.c">
      <Filter>Source Files</Filter>
    </ClCompile>
    <ClCompile Include="server\sv_send.c">
      <Filter>Source Files</Filter>
    </ClCompile>
    <ClCompile Include="server\sv_user.c">
      <Filter>Source Files</Filter>
    </ClCompile>
    <ClCompile Include="server\sv_world.c">
      <Filter>Source Files</Filter>
    </ClCompile>
    <ClCompile Include="win32\sys_win.c">
      <Filter>Source Files</Filter>
    </ClCompile>
    <ClCompile Include="win32\vid_dll.c">
      <Filter>Source Files</Filter>
    </ClCompile>
    <ClCompile Include="win32\vid_menu.c">
      <Filter>Source Files</Filter>
    </ClCompile>
    <ClCompile Include="client\x86.c">
      <Filter>Source Files</Filter>
    </ClCompile>
  </ItemGroup>
  <ItemGroup>
    <ClInclude Include="client\anorms.h">
      <Filter>Header Files</Filter>
    </ClInclude>
    <ClInclude Include="qcommon\bspfile.h">
      <Filter>Header Files</Filter>
    </ClInclude>
    <ClInclude Include="client\cdaudio.h">
      <Filter>Header Files</Filter>
    </ClInclude>
    <ClInclude Include="client\client.h">
      <Filter>Header Files</Filter>
    </ClInclude>
    <ClInclude Include="win32\conproc.h">
      <Filter>Header Files</Filter>
    </ClInclude>
    <ClInclude Include="client\console.h">
      <Filter>Header Files</Filter>
    </ClInclude>
    <ClInclude Include="game\game.h">
      <Filter>Header Files</Filter>
    </ClInclude>
    <ClInclude Include="client\input.h">
      <Filter>Header Files</Filter>
    </ClInclude>
    <ClInclude Include="client\keys.h">
      <Filter>Header Files</Filter>
    </ClInclude>
    <ClInclude Include="game\q_shared.h">
      <Filter>Header Files</Filter>
    </ClInclude>
    <ClInclude Include="qcommon\qcommon.h">
      <Filter>Header Files</Filter>
    </ClInclude>
    <ClInclude Include="qcommon\qfiles.h">
      <Filter>Header Files</Filter>
    </ClInclude>
    <ClInclude Include="client\qmenu.h">
      <Filter>Header Files</Filter>
    </ClInclude>
    <ClInclude Include="client\ref.h">
      <Filter>Header Files</Filter>
    </ClInclude>
    <ClInclude Include="client\screen.h">
      <Filter>Header Files</Filter>
    </ClInclude>
    <ClInclude Include="server\server.h">
      <Filter>Header Files</Filter>
    </ClInclude>
    <ClInclude Include="client\snd_loc.h">
      <Filter>Header Files</Filter>
    </ClInclude>
    <ClInclude Include="client\sound.h">
      <Filter>Header Files</Filter>
    </ClInclude>
    <ClInclude Include="client\vid.h">
      <Filter>Header Files</Filter>
    </ClInclude>
    <ClInclude Include="win32\winquake.h">
      <Filter>Header Files</Filter>
    </ClInclude>
    <ClInclude Include="anoxaux\interface.h">
      <Filter>Source Files</Filter>
    </ClInclude>
  </ItemGroup>
  <ItemGroup>
    <Image Include="win32\q2.ico">
      <Filter>Resource Files</Filter>
    </Image>
  </ItemGroup>
  <ItemGroup>
    <ResourceCompile Include="win32\q2.rc">
      <Filter>Resource Files</Filter>
    </ResourceCompile>
  </ItemGroup>
  <ItemGroup>
    <Library Include="lib\anoxaux.lib">
      <Filter>Libraries</Filter>
    </Library>
  </ItemGroup>
</Project>