<?xml version="1.0" encoding="utf-8"?>
<Project ToolsVersion="4.0" xmlns="http://schemas.microsoft.com/developer/msbuild/2003">
  <ItemGroup>
    <Filter Include="Source Files">
      <UniqueIdentifier>{5eec8d05-9f7c-4daf-a5f3-a99513705b85}</UniqueIdentifier>
      <Extensions>cpp;c;cxx;rc;def;r;odl;hpj;bat;for;f90</Extensions>
    </Filter>
    <Filter Include="Header Files">
      <UniqueIdentifier>{ef32ee42-ac17-4ab3-aaec-5f7e10862406}</UniqueIdentifier>
      <Extensions>h;hpp;hxx;hm;inl;fi;fd</Extensions>
    </Filter>
    <Filter Include="Resource Files">
      <UniqueIdentifier>{dd1fab93-d717-4d19-b44c-8ff45d8fb10b}</UniqueIdentifier>
      <Extensions>ico;cur;bmp;dlg;rc2;rct;bin;cnt;rtf;gif;jpg;jpeg;jpe</Extensions>
    </Filter>
    <Filter Include="Libraries">
      <UniqueIdentifier>{5e7fa59e-5ccd-42c0-a269-bef3a41d9e40}</UniqueIdentifier>
    </Filter>
  </ItemGroup>
  <ItemGroup>
    <ClCompile Include="gl_draw.cpp">
      <Filter>Source Files</Filter>
    </ClCompile>
    <ClCompile Include="gl_image.cpp">
      <Filter>Source Files</Filter>
    </ClCompile>
    <ClCompile Include="gl_light.cpp">
      <Filter>Source Files</Filter>
    </ClCompile>
    <ClCompile Include="gl_mesh.cpp">
      <Filter>Source Files</Filter>
    </ClCompile>
    <ClCompile Include="gl_model.cpp">
      <Filter>Source Files</Filter>
    </ClCompile>
    <ClCompile Include="gl_rmain.cpp">
      <Filter>Source Files</Filter>
    </ClCompile>
    <ClCompile Include="gl_rmisc.cpp">
      <Filter>Source Files</Filter>
    </ClCompile>
    <ClCompile Include="gl_rsurf.cpp">
      <Filter>Source Files</Filter>
    </ClCompile>
    <ClCompile Include="gl_warp.cpp">
      <Filter>Source Files</Filter>
    </ClCompile>
    <ClCompile Include="..\win32\glw_imp.cpp">
      <Filter>Source Files</Filter>
    </ClCompile>
    <ClCompile Include="..\win32\q_shwin.cpp">
      <Filter>Source Files</Filter>
    </ClCompile>
    <ClCompile Include="..\game\q_shared.cpp">
      <Filter>Source Files</Filter>
    </ClCompile>
  </ItemGroup>
  <ItemGroup>
    <ClInclude Include="anorms.h">
      <Filter>Header Files</Filter>
    </ClInclude>
    <ClInclude Include="anormtab.h">
      <Filter>Header Files</Filter>
    </ClInclude>
    <ClInclude Include="gl_local.h">
      <Filter>Header Files</Filter>
    </ClInclude>
    <ClInclude Include="gl_model.h">
      <Filter>Header Files</Filter>
    </ClInclude>
    <ClInclude Include="..\win32\glw_win.h">
      <Filter>Header Files</Filter>
    </ClInclude>
    <ClInclude Include="..\game\q_shared.h">
      <Filter>Header Files</Filter>
    </ClInclude>
    <ClInclude Include="..\qcommon\qcommon.h">
      <Filter>Header Files</Filter>
    </ClInclude>
    <ClInclude Include="..\qcommon\qfiles.h">
      <Filter>Header Files</Filter>
    </ClInclude>
    <ClInclude Include="qgl.h">
      <Filter>Header Files</Filter>
    </ClInclude>
    <ClInclude Include="qmenu.h">
      <Filter>Header Files</Filter>
    </ClInclude>
    <ClInclude Include="..\client\ref.h">
      <Filter>Header Files</Filter>
    </ClInclude>
    <ClInclude Include="ref_gl.h">
      <Filter>Header Files</Filter>
    </ClInclude>
    <ClInclude Include="warpsin.h">
      <Filter>Header Files</Filter>
    </ClInclude>
    <ClInclude Include="..\win32\winquake.h">
      <Filter>Header Files</Filter>
    </ClInclude>
  </ItemGroup>
  <ItemGroup>
    <CustomBuild Include="ref_gl.def">
      <Filter>Resource Files</Filter>
    </CustomBuild>
  </ItemGroup>
  <ItemGroup>
    <Library Include="..\lib\anoxaux.lib">
      <Filter>Libraries</Filter>
    </Library>
  </ItemGroup>
</Project>